<?xml version="1.0" encoding="utf-8"?>
<Project ToolsVersion="4.0" xmlns="http://schemas.microsoft.com/developer/msbuild/2003">
  <ItemGroup>
    <Filter Include="Bullet">
      <UniqueIdentifier>{cc891e93-26bb-4e34-ae43-1efe5bc4071d}</UniqueIdentifier>
    </Filter>
    <Filter Include="Bullet\BulletCollision">
      <UniqueIdentifier>{9e9daebb-9f2d-4174-9f33-b639f2c04422}</UniqueIdentifier>
    </Filter>
    <Filter Include="Bullet\BulletCollision\BroadphaseCollision">
      <UniqueIdentifier>{7161ebdd-f9a8-40a3-a5d5-b23e40b67f02}</UniqueIdentifier>
    </Filter>
    <Filter Include="Bullet\BulletCollision\CollisionDispatch">
      <UniqueIdentifier>{781620c5-02cb-4ce8-a837-6f3ca9d7483d}</UniqueIdentifier>
    </Filter>
    <Filter Include="Bullet\BulletCollision\CollisionShapes">
      <UniqueIdentifier>{979e8c6c-a98c-4fb9-8568-feb7e3aaa2f2}</UniqueIdentifier>
    </Filter>
    <Filter Include="Bullet\BulletCollision\Gimpact">
      <UniqueIdentifier>{e792e08f-1077-4fdf-91a0-1393d2f6e88b}</UniqueIdentifier>
    </Filter>
    <Filter Include="Bullet\BulletCollision\NarrowPhaseCollision">
      <UniqueIdentifier>{5ad91ec3-f37c-46a8-8a59-b6597eb8286c}</UniqueIdentifier>
    </Filter>
    <Filter Include="Bullet\LinearMath">
      <UniqueIdentifier>{2216d961-26ee-4083-88d4-35bd5c866d78}</UniqueIdentifier>
    </Filter>
    <Filter Include="Bullet\BulletDynamics">
      <UniqueIdentifier>{45b851f7-c0a0-4b21-9007-55b775eaa061}</UniqueIdentifier>
    </Filter>
  </ItemGroup>
  <ItemGroup>
    <ClCompile Include="..\..\..\3rd party software\bullet\src\BulletCollision\BroadphaseCollision\btAxisSweep3.cpp">
      <Filter>Bullet\BulletCollision\BroadphaseCollision</Filter>
    </ClCompile>
    <ClCompile Include="..\..\..\3rd party software\bullet\src\BulletCollision\BroadphaseCollision\btBroadphaseProxy.cpp">
      <Filter>Bullet\BulletCollision\BroadphaseCollision</Filter>
    </ClCompile>
    <ClCompile Include="..\..\..\3rd party software\bullet\src\BulletCollision\BroadphaseCollision\btCollisionAlgorithm.cpp">
      <Filter>Bullet\BulletCollision\BroadphaseCollision</Filter>
    </ClCompile>
    <ClCompile Include="..\..\..\3rd party software\bullet\src\BulletCollision\BroadphaseCollision\btDbvt.cpp">
      <Filter>Bullet\BulletCollision\BroadphaseCollision</Filter>
    </ClCompile>
    <ClCompile Include="..\..\..\3rd party software\bullet\src\BulletCollision\BroadphaseCollision\btDbvtBroadphase.cpp">
      <Filter>Bullet\BulletCollision\BroadphaseCollision</Filter>
    </ClCompile>
    <ClCompile Include="..\..\..\3rd party software\bullet\src\BulletCollision\BroadphaseCollision\btDispatcher.cpp">
      <Filter>Bullet\BulletCollision\BroadphaseCollision</Filter>
    </ClCompile>
    <ClCompile Include="..\..\..\3rd party software\bullet\src\BulletCollision\BroadphaseCollision\btMultiSapBroadphase.cpp">
      <Filter>Bullet\BulletCollision\BroadphaseCollision</Filter>
    </ClCompile>
    <ClCompile Include="..\..\..\3rd party software\bullet\src\BulletCollision\BroadphaseCollision\btOverlappingPairCache.cpp">
      <Filter>Bullet\BulletCollision\BroadphaseCollision</Filter>
    </ClCompile>
    <ClCompile Include="..\..\..\3rd party software\bullet\src\BulletCollision\BroadphaseCollision\btQuantizedBvh.cpp">
      <Filter>Bullet\BulletCollision\BroadphaseCollision</Filter>
    </ClCompile>
    <ClCompile Include="..\..\..\3rd party software\bullet\src\BulletCollision\BroadphaseCollision\btSimpleBroadphase.cpp">
      <Filter>Bullet\BulletCollision\BroadphaseCollision</Filter>
    </ClCompile>
    <ClCompile Include="..\..\..\3rd party software\bullet\src\BulletCollision\CollisionDispatch\btActivatingCollisionAlgorithm.cpp">
      <Filter>Bullet\BulletCollision\CollisionDispatch</Filter>
    </ClCompile>
    <ClCompile Include="..\..\..\3rd party software\bullet\src\BulletCollision\CollisionDispatch\btBox2dBox2dCollisionAlgorithm.cpp">
      <Filter>Bullet\BulletCollision\CollisionDispatch</Filter>
    </ClCompile>
    <ClCompile Include="..\..\..\3rd party software\bullet\src\BulletCollision\CollisionDispatch\btBoxBoxCollisionAlgorithm.cpp">
      <Filter>Bullet\BulletCollision\CollisionDispatch</Filter>
    </ClCompile>
    <ClCompile Include="..\..\..\3rd party software\bullet\src\BulletCollision\CollisionDispatch\btBoxBoxDetector.cpp">
      <Filter>Bullet\BulletCollision\CollisionDispatch</Filter>
    </ClCompile>
    <ClCompile Include="..\..\..\3rd party software\bullet\src\BulletCollision\CollisionDispatch\btCollisionDispatcher.cpp">
      <Filter>Bullet\BulletCollision\CollisionDispatch</Filter>
    </ClCompile>
    <ClCompile Include="..\..\..\3rd party software\bullet\src\BulletCollision\CollisionDispatch\btCollisionObject.cpp">
      <Filter>Bullet\BulletCollision\CollisionDispatch</Filter>
    </ClCompile>
    <ClCompile Include="..\..\..\3rd party software\bullet\src\BulletCollision\CollisionDispatch\btCollisionWorld.cpp">
      <Filter>Bullet\BulletCollision\CollisionDispatch</Filter>
    </ClCompile>
    <ClCompile Include="..\..\..\3rd party software\bullet\src\BulletCollision\CollisionDispatch\btCompoundCollisionAlgorithm.cpp">
      <Filter>Bullet\BulletCollision\CollisionDispatch</Filter>
    </ClCompile>
    <ClCompile Include="..\..\..\3rd party software\bullet\src\BulletCollision\CollisionDispatch\btCompoundCompoundCollisionAlgorithm.cpp">
      <Filter>Bullet\BulletCollision\CollisionDispatch</Filter>
    </ClCompile>
    <ClCompile Include="..\..\..\3rd party software\bullet\src\BulletCollision\CollisionDispatch\btConvex2dConvex2dAlgorithm.cpp">
      <Filter>Bullet\BulletCollision\CollisionDispatch</Filter>
    </ClCompile>
    <ClCompile Include="..\..\..\3rd party software\bullet\src\BulletCollision\CollisionDispatch\btConvexConcaveCollisionAlgorithm.cpp">
      <Filter>Bullet\BulletCollision\CollisionDispatch</Filter>
    </ClCompile>
    <ClCompile Include="..\..\..\3rd party software\bullet\src\BulletCollision\CollisionDispatch\btConvexConvexAlgorithm.cpp">
      <Filter>Bullet\BulletCollision\CollisionDispatch</Filter>
    </ClCompile>
    <ClCompile Include="..\..\..\3rd party software\bullet\src\BulletCollision\CollisionDispatch\btConvexPlaneCollisionAlgorithm.cpp">
      <Filter>Bullet\BulletCollision\CollisionDispatch</Filter>
    </ClCompile>
    <ClCompile Include="..\..\..\3rd party software\bullet\src\BulletCollision\CollisionDispatch\btDefaultCollisionConfiguration.cpp">
      <Filter>Bullet\BulletCollision\CollisionDispatch</Filter>
    </ClCompile>
    <ClCompile Include="..\..\..\3rd party software\bullet\src\BulletCollision\CollisionDispatch\btEmptyCollisionAlgorithm.cpp">
      <Filter>Bullet\BulletCollision\CollisionDispatch</Filter>
    </ClCompile>
    <ClCompile Include="..\..\..\3rd party software\bullet\src\BulletCollision\CollisionDispatch\btGhostObject.cpp">
      <Filter>Bullet\BulletCollision\CollisionDispatch</Filter>
    </ClCompile>
    <ClCompile Include="..\..\..\3rd party software\bullet\src\BulletCollision\CollisionDispatch\btHashedSimplePairCache.cpp">
      <Filter>Bullet\BulletCollision\CollisionDispatch</Filter>
    </ClCompile>
    <ClCompile Include="..\..\..\3rd party software\bullet\src\BulletCollision\CollisionDispatch\btInternalEdgeUtility.cpp">
      <Filter>Bullet\BulletCollision\CollisionDispatch</Filter>
    </ClCompile>
    <ClCompile Include="..\..\..\3rd party software\bullet\src\BulletCollision\CollisionDispatch\btManifoldResult.cpp">
      <Filter>Bullet\BulletCollision\CollisionDispatch</Filter>
    </ClCompile>
    <ClCompile Include="..\..\..\3rd party software\bullet\src\BulletCollision\CollisionDispatch\btSimulationIslandManager.cpp">
      <Filter>Bullet\BulletCollision\CollisionDispatch</Filter>
    </ClCompile>
    <ClCompile Include="..\..\..\3rd party software\bullet\src\BulletCollision\CollisionDispatch\btSphereBoxCollisionAlgorithm.cpp">
      <Filter>Bullet\BulletCollision\CollisionDispatch</Filter>
    </ClCompile>
    <ClCompile Include="..\..\..\3rd party software\bullet\src\BulletCollision\CollisionDispatch\btSphereSphereCollisionAlgorithm.cpp">
      <Filter>Bullet\BulletCollision\CollisionDispatch</Filter>
    </ClCompile>
    <ClCompile Include="..\..\..\3rd party software\bullet\src\BulletCollision\CollisionDispatch\btSphereTriangleCollisionAlgorithm.cpp">
      <Filter>Bullet\BulletCollision\CollisionDispatch</Filter>
    </ClCompile>
    <ClCompile Include="..\..\..\3rd party software\bullet\src\BulletCollision\CollisionDispatch\btUnionFind.cpp">
      <Filter>Bullet\BulletCollision\CollisionDispatch</Filter>
    </ClCompile>
    <ClCompile Include="..\..\..\3rd party software\bullet\src\BulletCollision\CollisionDispatch\SphereTriangleDetector.cpp">
      <Filter>Bullet\BulletCollision\CollisionDispatch</Filter>
    </ClCompile>
    <ClCompile Include="..\..\..\3rd party software\bullet\src\BulletCollision\CollisionShapes\btBox2dShape.cpp">
      <Filter>Bullet\BulletCollision\CollisionShapes</Filter>
    </ClCompile>
    <ClCompile Include="..\..\..\3rd party software\bullet\src\BulletCollision\CollisionShapes\btBoxShape.cpp">
      <Filter>Bullet\BulletCollision\CollisionShapes</Filter>
    </ClCompile>
    <ClCompile Include="..\..\..\3rd party software\bullet\src\BulletCollision\CollisionShapes\btBvhTriangleMeshShape.cpp">
      <Filter>Bullet\BulletCollision\CollisionShapes</Filter>
    </ClCompile>
    <ClCompile Include="..\..\..\3rd party software\bullet\src\BulletCollision\CollisionShapes\btCapsuleShape.cpp">
      <Filter>Bullet\BulletCollision\CollisionShapes</Filter>
    </ClCompile>
    <ClCompile Include="..\..\..\3rd party software\bullet\src\BulletCollision\CollisionShapes\btCollisionShape.cpp">
      <Filter>Bullet\BulletCollision\CollisionShapes</Filter>
    </ClCompile>
    <ClCompile Include="..\..\..\3rd party software\bullet\src\BulletCollision\CollisionShapes\btCompoundShape.cpp">
      <Filter>Bullet\BulletCollision\CollisionShapes</Filter>
    </ClCompile>
    <ClCompile Include="..\..\..\3rd party software\bullet\src\BulletCollision\CollisionShapes\btConcaveShape.cpp">
      <Filter>Bullet\BulletCollision\CollisionShapes</Filter>
    </ClCompile>
    <ClCompile Include="..\..\..\3rd party software\bullet\src\BulletCollision\CollisionShapes\btConeShape.cpp">
      <Filter>Bullet\BulletCollision\CollisionShapes</Filter>
    </ClCompile>
    <ClCompile Include="..\..\..\3rd party software\bullet\src\BulletCollision\CollisionShapes\btConvex2dShape.cpp">
      <Filter>Bullet\BulletCollision\CollisionShapes</Filter>
    </ClCompile>
    <ClCompile Include="..\..\..\3rd party software\bullet\src\BulletCollision\CollisionShapes\btConvexHullShape.cpp">
      <Filter>Bullet\BulletCollision\CollisionShapes</Filter>
    </ClCompile>
    <ClCompile Include="..\..\..\3rd party software\bullet\src\BulletCollision\CollisionShapes\btConvexInternalShape.cpp">
      <Filter>Bullet\BulletCollision\CollisionShapes</Filter>
    </ClCompile>
    <ClCompile Include="..\..\..\3rd party software\bullet\src\BulletCollision\CollisionShapes\btConvexPointCloudShape.cpp">
      <Filter>Bullet\BulletCollision\CollisionShapes</Filter>
    </ClCompile>
    <ClCompile Include="..\..\..\3rd party software\bullet\src\BulletCollision\CollisionShapes\btConvexPolyhedron.cpp">
      <Filter>Bullet\BulletCollision\CollisionShapes</Filter>
    </ClCompile>
    <ClCompile Include="..\..\..\3rd party software\bullet\src\BulletCollision\CollisionShapes\btConvexShape.cpp">
      <Filter>Bullet\BulletCollision\CollisionShapes</Filter>
    </ClCompile>
    <ClCompile Include="..\..\..\3rd party software\bullet\src\BulletCollision\CollisionShapes\btConvexTriangleMeshShape.cpp">
      <Filter>Bullet\BulletCollision\CollisionShapes</Filter>
    </ClCompile>
    <ClCompile Include="..\..\..\3rd party software\bullet\src\BulletCollision\CollisionShapes\btCylinderShape.cpp">
      <Filter>Bullet\BulletCollision\CollisionShapes</Filter>
    </ClCompile>
    <ClCompile Include="..\..\..\3rd party software\bullet\src\BulletCollision\CollisionShapes\btEmptyShape.cpp">
      <Filter>Bullet\BulletCollision\CollisionShapes</Filter>
    </ClCompile>
    <ClCompile Include="..\..\..\3rd party software\bullet\src\BulletCollision\CollisionShapes\btHeightfieldTerrainShape.cpp">
      <Filter>Bullet\BulletCollision\CollisionShapes</Filter>
    </ClCompile>
    <ClCompile Include="..\..\..\3rd party software\bullet\src\BulletCollision\CollisionShapes\btMinkowskiSumShape.cpp">
      <Filter>Bullet\BulletCollision\CollisionShapes</Filter>
    </ClCompile>
    <ClCompile Include="..\..\..\3rd party software\bullet\src\BulletCollision\CollisionShapes\btMultimaterialTriangleMeshShape.cpp">
      <Filter>Bullet\BulletCollision\CollisionShapes</Filter>
    </ClCompile>
    <ClCompile Include="..\..\..\3rd party software\bullet\src\BulletCollision\CollisionShapes\btMultiSphereShape.cpp">
      <Filter>Bullet\BulletCollision\CollisionShapes</Filter>
    </ClCompile>
    <ClCompile Include="..\..\..\3rd party software\bullet\src\BulletCollision\CollisionShapes\btOptimizedBvh.cpp">
      <Filter>Bullet\BulletCollision\CollisionShapes</Filter>
    </ClCompile>
    <ClCompile Include="..\..\..\3rd party software\bullet\src\BulletCollision\CollisionShapes\btPolyhedralConvexShape.cpp">
      <Filter>Bullet\BulletCollision\CollisionShapes</Filter>
    </ClCompile>
    <ClCompile Include="..\..\..\3rd party software\bullet\src\BulletCollision\CollisionShapes\btScaledBvhTriangleMeshShape.cpp">
      <Filter>Bullet\BulletCollision\CollisionShapes</Filter>
    </ClCompile>
    <ClCompile Include="..\..\..\3rd party software\bullet\src\BulletCollision\CollisionShapes\btShapeHull.cpp">
      <Filter>Bullet\BulletCollision\CollisionShapes</Filter>
    </ClCompile>
    <ClCompile Include="..\..\..\3rd party software\bullet\src\BulletCollision\CollisionShapes\btSphereShape.cpp">
      <Filter>Bullet\BulletCollision\CollisionShapes</Filter>
    </ClCompile>
    <ClCompile Include="..\..\..\3rd party software\bullet\src\BulletCollision\CollisionShapes\btStaticPlaneShape.cpp">
      <Filter>Bullet\BulletCollision\CollisionShapes</Filter>
    </ClCompile>
    <ClCompile Include="..\..\..\3rd party software\bullet\src\BulletCollision\CollisionShapes\btStridingMeshInterface.cpp">
      <Filter>Bullet\BulletCollision\CollisionShapes</Filter>
    </ClCompile>
    <ClCompile Include="..\..\..\3rd party software\bullet\src\BulletCollision\CollisionShapes\btTetrahedronShape.cpp">
      <Filter>Bullet\BulletCollision\CollisionShapes</Filter>
    </ClCompile>
    <ClCompile Include="..\..\..\3rd party software\bullet\src\BulletCollision\CollisionShapes\btTriangleBuffer.cpp">
      <Filter>Bullet\BulletCollision\CollisionShapes</Filter>
    </ClCompile>
    <ClCompile Include="..\..\..\3rd party software\bullet\src\BulletCollision\CollisionShapes\btTriangleCallback.cpp">
      <Filter>Bullet\BulletCollision\CollisionShapes</Filter>
    </ClCompile>
    <ClCompile Include="..\..\..\3rd party software\bullet\src\BulletCollision\CollisionShapes\btTriangleIndexVertexArray.cpp">
      <Filter>Bullet\BulletCollision\CollisionShapes</Filter>
    </ClCompile>
    <ClCompile Include="..\..\..\3rd party software\bullet\src\BulletCollision\CollisionShapes\btTriangleIndexVertexMaterialArray.cpp">
      <Filter>Bullet\BulletCollision\CollisionShapes</Filter>
    </ClCompile>
    <ClCompile Include="..\..\..\3rd party software\bullet\src\BulletCollision\CollisionShapes\btTriangleMesh.cpp">
      <Filter>Bullet\BulletCollision\CollisionShapes</Filter>
    </ClCompile>
    <ClCompile Include="..\..\..\3rd party software\bullet\src\BulletCollision\CollisionShapes\btTriangleMeshShape.cpp">
      <Filter>Bullet\BulletCollision\CollisionShapes</Filter>
    </ClCompile>
    <ClCompile Include="..\..\..\3rd party software\bullet\src\BulletCollision\CollisionShapes\btUniformScalingShape.cpp">
      <Filter>Bullet\BulletCollision\CollisionShapes</Filter>
    </ClCompile>
    <ClCompile Include="..\..\..\3rd party software\bullet\src\BulletCollision\Gimpact\btContactProcessing.cpp">
      <Filter>Bullet\BulletCollision\Gimpact</Filter>
    </ClCompile>
    <ClCompile Include="..\..\..\3rd party software\bullet\src\BulletCollision\Gimpact\btGenericPoolAllocator.cpp">
      <Filter>Bullet\BulletCollision\Gimpact</Filter>
    </ClCompile>
    <ClCompile Include="..\..\..\3rd party software\bullet\src\BulletCollision\Gimpact\btGImpactBvh.cpp">
      <Filter>Bullet\BulletCollision\Gimpact</Filter>
    </ClCompile>
    <ClCompile Include="..\..\..\3rd party software\bullet\src\BulletCollision\Gimpact\btGImpactCollisionAlgorithm.cpp">
      <Filter>Bullet\BulletCollision\Gimpact</Filter>
    </ClCompile>
    <ClCompile Include="..\..\..\3rd party software\bullet\src\BulletCollision\Gimpact\btGImpactQuantizedBvh.cpp">
      <Filter>Bullet\BulletCollision\Gimpact</Filter>
    </ClCompile>
    <ClCompile Include="..\..\..\3rd party software\bullet\src\BulletCollision\Gimpact\btGImpactShape.cpp">
      <Filter>Bullet\BulletCollision\Gimpact</Filter>
    </ClCompile>
    <ClCompile Include="..\..\..\3rd party software\bullet\src\BulletCollision\Gimpact\btTriangleShapeEx.cpp">
      <Filter>Bullet\BulletCollision\Gimpact</Filter>
    </ClCompile>
    <ClCompile Include="..\..\..\3rd party software\bullet\src\BulletCollision\Gimpact\gim_box_set.cpp">
      <Filter>Bullet\BulletCollision\Gimpact</Filter>
    </ClCompile>
    <ClCompile Include="..\..\..\3rd party software\bullet\src\BulletCollision\Gimpact\gim_contact.cpp">
      <Filter>Bullet\BulletCollision\Gimpact</Filter>
    </ClCompile>
    <ClCompile Include="..\..\..\3rd party software\bullet\src\BulletCollision\Gimpact\gim_memory.cpp">
      <Filter>Bullet\BulletCollision\Gimpact</Filter>
    </ClCompile>
    <ClCompile Include="..\..\..\3rd party software\bullet\src\BulletCollision\Gimpact\gim_tri_collision.cpp">
      <Filter>Bullet\BulletCollision\Gimpact</Filter>
    </ClCompile>
    <ClCompile Include="..\..\..\3rd party software\bullet\src\BulletCollision\NarrowPhaseCollision\btContinuousConvexCollision.cpp">
      <Filter>Bullet\BulletCollision\NarrowPhaseCollision</Filter>
    </ClCompile>
    <ClCompile Include="..\..\..\3rd party software\bullet\src\BulletCollision\NarrowPhaseCollision\btConvexCast.cpp">
      <Filter>Bullet\BulletCollision\NarrowPhaseCollision</Filter>
    </ClCompile>
    <ClCompile Include="..\..\..\3rd party software\bullet\src\BulletCollision\NarrowPhaseCollision\btGjkConvexCast.cpp">
      <Filter>Bullet\BulletCollision\NarrowPhaseCollision</Filter>
    </ClCompile>
    <ClCompile Include="..\..\..\3rd party software\bullet\src\BulletCollision\NarrowPhaseCollision\btGjkEpa2.cpp">
      <Filter>Bullet\BulletCollision\NarrowPhaseCollision</Filter>
    </ClCompile>
    <ClCompile Include="..\..\..\3rd party software\bullet\src\BulletCollision\NarrowPhaseCollision\btGjkEpaPenetrationDepthSolver.cpp">
      <Filter>Bullet\BulletCollision\NarrowPhaseCollision</Filter>
    </ClCompile>
    <ClCompile Include="..\..\..\3rd party software\bullet\src\BulletCollision\NarrowPhaseCollision\btGjkPairDetector.cpp">
      <Filter>Bullet\BulletCollision\NarrowPhaseCollision</Filter>
    </ClCompile>
    <ClCompile Include="..\..\..\3rd party software\bullet\src\BulletCollision\NarrowPhaseCollision\btMinkowskiPenetrationDepthSolver.cpp">
      <Filter>Bullet\BulletCollision\NarrowPhaseCollision</Filter>
    </ClCompile>
    <ClCompile Include="..\..\..\3rd party software\bullet\src\BulletCollision\NarrowPhaseCollision\btPersistentManifold.cpp">
      <Filter>Bullet\BulletCollision\NarrowPhaseCollision</Filter>
    </ClCompile>
    <ClCompile Include="..\..\..\3rd party software\bullet\src\BulletCollision\NarrowPhaseCollision\btPolyhedralContactClipping.cpp">
      <Filter>Bullet\BulletCollision\NarrowPhaseCollision</Filter>
    </ClCompile>
    <ClCompile Include="..\..\..\3rd party software\bullet\src\BulletCollision\NarrowPhaseCollision\btRaycastCallback.cpp">
      <Filter>Bullet\BulletCollision\NarrowPhaseCollision</Filter>
    </ClCompile>
    <ClCompile Include="..\..\..\3rd party software\bullet\src\BulletCollision\NarrowPhaseCollision\btSubSimplexConvexCast.cpp">
      <Filter>Bullet\BulletCollision\NarrowPhaseCollision</Filter>
    </ClCompile>
    <ClCompile Include="..\..\..\3rd party software\bullet\src\BulletCollision\NarrowPhaseCollision\btVoronoiSimplexSolver.cpp">
      <Filter>Bullet\BulletCollision\NarrowPhaseCollision</Filter>
    </ClCompile>
    <ClCompile Include="..\..\..\3rd party software\bullet\src\LinearMath\btAlignedAllocator.cpp">
      <Filter>Bullet\LinearMath</Filter>
    </ClCompile>
    <ClCompile Include="..\..\..\3rd party software\bullet\src\LinearMath\btConvexHull.cpp">
      <Filter>Bullet\LinearMath</Filter>
    </ClCompile>
    <ClCompile Include="..\..\..\3rd party software\bullet\src\LinearMath\btConvexHullComputer.cpp">
      <Filter>Bullet\LinearMath</Filter>
    </ClCompile>
    <ClCompile Include="..\..\..\3rd party software\bullet\src\LinearMath\btGeometryUtil.cpp">
      <Filter>Bullet\LinearMath</Filter>
    </ClCompile>
    <ClCompile Include="..\..\..\3rd party software\bullet\src\LinearMath\btPolarDecomposition.cpp">
      <Filter>Bullet\LinearMath</Filter>
    </ClCompile>
    <ClCompile Include="..\..\..\3rd party software\bullet\src\LinearMath\btQuickprof.cpp">
      <Filter>Bullet\LinearMath</Filter>
    </ClCompile>
    <ClCompile Include="..\..\..\3rd party software\bullet\src\LinearMath\btSerializer.cpp">
      <Filter>Bullet\LinearMath</Filter>
    </ClCompile>
    <ClCompile Include="..\..\..\3rd party software\bullet\src\LinearMath\btVector3.cpp">
      <Filter>Bullet\LinearMath</Filter>
    </ClCompile>
    <ClCompile Include="..\..\..\3rd party software\bullet\src\BulletDynamics\Character\btKinematicCharacterController.cpp">
      <Filter>Bullet\BulletDynamics</Filter>
    </ClCompile>
    <ClCompile Include="..\..\..\3rd party software\bullet\src\BulletDynamics\ConstraintSolver\btConeTwistConstraint.cpp">
      <Filter>Bullet\BulletDynamics</Filter>
    </ClCompile>
    <ClCompile Include="..\..\..\3rd party software\bullet\src\BulletDynamics\ConstraintSolver\btContactConstraint.cpp">
      <Filter>Bullet\BulletDynamics</Filter>
    </ClCompile>
    <ClCompile Include="..\..\..\3rd party software\bullet\src\BulletDynamics\ConstraintSolver\btFixedConstraint.cpp">
      <Filter>Bullet\BulletDynamics</Filter>
    </ClCompile>
    <ClCompile Include="..\..\..\3rd party software\bullet\src\BulletDynamics\ConstraintSolver\btGearConstraint.cpp">
      <Filter>Bullet\BulletDynamics</Filter>
    </ClCompile>
    <ClCompile Include="..\..\..\3rd party software\bullet\src\BulletDynamics\ConstraintSolver\btGeneric6DofConstraint.cpp">
      <Filter>Bullet\BulletDynamics</Filter>
    </ClCompile>
    <ClCompile Include="..\..\..\3rd party software\bullet\src\BulletDynamics\ConstraintSolver\btGeneric6DofSpringConstraint.cpp">
      <Filter>Bullet\BulletDynamics</Filter>
    </ClCompile>
    <ClCompile Include="..\..\..\3rd party software\bullet\src\BulletDynamics\ConstraintSolver\btHinge2Constraint.cpp">
      <Filter>Bullet\BulletDynamics</Filter>
    </ClCompile>
    <ClCompile Include="..\..\..\3rd party software\bullet\src\BulletDynamics\ConstraintSolver\btHingeConstraint.cpp">
      <Filter>Bullet\BulletDynamics</Filter>
    </ClCompile>
    <ClCompile Include="..\..\..\3rd party software\bullet\src\BulletDynamics\ConstraintSolver\btPoint2PointConstraint.cpp">
      <Filter>Bullet\BulletDynamics</Filter>
    </ClCompile>
    <ClCompile Include="..\..\..\3rd party software\bullet\src\BulletDynamics\ConstraintSolver\btSequentialImpulseConstraintSolver.cpp">
      <Filter>Bullet\BulletDynamics</Filter>
    </ClCompile>
    <ClCompile Include="..\..\..\3rd party software\bullet\src\BulletDynamics\ConstraintSolver\btSliderConstraint.cpp">
      <Filter>Bullet\BulletDynamics</Filter>
    </ClCompile>
    <ClCompile Include="..\..\..\3rd party software\bullet\src\BulletDynamics\ConstraintSolver\btSolve2LinearConstraint.cpp">
      <Filter>Bullet\BulletDynamics</Filter>
    </ClCompile>
    <ClCompile Include="..\..\..\3rd party software\bullet\src\BulletDynamics\ConstraintSolver\btTypedConstraint.cpp">
      <Filter>Bullet\BulletDynamics</Filter>
    </ClCompile>
    <ClCompile Include="..\..\..\3rd party software\bullet\src\BulletDynamics\ConstraintSolver\btUniversalConstraint.cpp">
      <Filter>Bullet\BulletDynamics</Filter>
    </ClCompile>
    <ClCompile Include="..\..\..\3rd party software\bullet\src\BulletDynamics\Dynamics\btDiscreteDynamicsWorld.cpp">
      <Filter>Bullet\BulletDynamics</Filter>
    </ClCompile>
    <ClCompile Include="..\..\..\3rd party software\bullet\src\BulletDynamics\Dynamics\btRigidBody.cpp">
      <Filter>Bullet\BulletDynamics</Filter>
    </ClCompile>
    <ClCompile Include="..\..\..\3rd party software\bullet\src\BulletDynamics\Dynamics\btSimpleDynamicsWorld.cpp">
      <Filter>Bullet\BulletDynamics</Filter>
    </ClCompile>
    <ClCompile Include="..\..\..\3rd party software\bullet\src\BulletDynamics\Dynamics\Bullet-C-API.cpp">
      <Filter>Bullet\BulletDynamics</Filter>
    </ClCompile>
    <ClCompile Include="..\..\..\3rd party software\bullet\src\BulletDynamics\Featherstone\btMultiBody.cpp">
      <Filter>Bullet\BulletDynamics</Filter>
    </ClCompile>
    <ClCompile Include="..\..\..\3rd party software\bullet\src\BulletDynamics\Featherstone\btMultiBodyConstraint.cpp">
      <Filter>Bullet\BulletDynamics</Filter>
    </ClCompile>
    <ClCompile Include="..\..\..\3rd party software\bullet\src\BulletDynamics\Featherstone\btMultiBodyConstraintSolver.cpp">
      <Filter>Bullet\BulletDynamics</Filter>
    </ClCompile>
    <ClCompile Include="..\..\..\3rd party software\bullet\src\BulletDynamics\Featherstone\btMultiBodyDynamicsWorld.cpp">
      <Filter>Bullet\BulletDynamics</Filter>
    </ClCompile>
    <ClCompile Include="..\..\..\3rd party software\bullet\src\BulletDynamics\Featherstone\btMultiBodyJointLimitConstraint.cpp">
      <Filter>Bullet\BulletDynamics</Filter>
    </ClCompile>
    <ClCompile Include="..\..\..\3rd party software\bullet\src\BulletDynamics\Featherstone\btMultiBodyJointMotor.cpp">
      <Filter>Bullet\BulletDynamics</Filter>
    </ClCompile>
    <ClCompile Include="..\..\..\3rd party software\bullet\src\BulletDynamics\Featherstone\btMultiBodyPoint2Point.cpp">
      <Filter>Bullet\BulletDynamics</Filter>
    </ClCompile>
    <ClCompile Include="..\..\..\3rd party software\bullet\src\BulletDynamics\MLCPSolvers\btDantzigLCP.cpp">
      <Filter>Bullet\BulletDynamics</Filter>
    </ClCompile>
    <ClCompile Include="..\..\..\3rd party software\bullet\src\BulletDynamics\MLCPSolvers\btMLCPSolver.cpp">
      <Filter>Bullet\BulletDynamics</Filter>
    </ClCompile>
    <ClCompile Include="..\..\..\3rd party software\bullet\src\BulletDynamics\Vehicle\btRaycastVehicle.cpp">
      <Filter>Bullet\BulletDynamics</Filter>
    </ClCompile>
    <ClCompile Include="..\..\..\3rd party software\bullet\src\BulletDynamics\Vehicle\btWheelInfo.cpp">
      <Filter>Bullet\BulletDynamics</Filter>
    </ClCompile>
  </ItemGroup>
  <ItemGroup>
    <ClInclude Include="..\..\..\3rd party software\bullet\src\BulletCollision\BroadphaseCollision\btAxisSweep3.h">
      <Filter>Bullet\BulletCollision\BroadphaseCollision</Filter>
    </ClInclude>
    <ClInclude Include="..\..\..\3rd party software\bullet\src\BulletCollision\BroadphaseCollision\btBroadphaseInterface.h">
      <Filter>Bullet\BulletCollision\BroadphaseCollision</Filter>
    </ClInclude>
    <ClInclude Include="..\..\..\3rd party software\bullet\src\BulletCollision\BroadphaseCollision\btBroadphaseProxy.h">
      <Filter>Bullet\BulletCollision\BroadphaseCollision</Filter>
    </ClInclude>
    <ClInclude Include="..\..\..\3rd party software\bullet\src\BulletCollision\BroadphaseCollision\btCollisionAlgorithm.h">
      <Filter>Bullet\BulletCollision\BroadphaseCollision</Filter>
    </ClInclude>
    <ClInclude Include="..\..\..\3rd party software\bullet\src\BulletCollision\BroadphaseCollision\btDbvt.h">
      <Filter>Bullet\BulletCollision\BroadphaseCollision</Filter>
    </ClInclude>
    <ClInclude Include="..\..\..\3rd party software\bullet\src\BulletCollision\BroadphaseCollision\btDbvtBroadphase.h">
      <Filter>Bullet\BulletCollision\BroadphaseCollision</Filter>
    </ClInclude>
    <ClInclude Include="..\..\..\3rd party software\bullet\src\BulletCollision\BroadphaseCollision\btDispatcher.h">
      <Filter>Bullet\BulletCollision\BroadphaseCollision</Filter>
    </ClInclude>
    <ClInclude Include="..\..\..\3rd party software\bullet\src\BulletCollision\BroadphaseCollision\btMultiSapBroadphase.h">
      <Filter>Bullet\BulletCollision\BroadphaseCollision</Filter>
    </ClInclude>
    <ClInclude Include="..\..\..\3rd party software\bullet\src\BulletCollision\BroadphaseCollision\btOverlappingPairCache.h">
      <Filter>Bullet\BulletCollision\BroadphaseCollision</Filter>
    </ClInclude>
    <ClInclude Include="..\..\..\3rd party software\bullet\src\BulletCollision\BroadphaseCollision\btOverlappingPairCallback.h">
      <Filter>Bullet\BulletCollision\BroadphaseCollision</Filter>
    </ClInclude>
    <ClInclude Include="..\..\..\3rd party software\bullet\src\BulletCollision\BroadphaseCollision\btQuantizedBvh.h">
      <Filter>Bullet\BulletCollision\BroadphaseCollision</Filter>
    </ClInclude>
    <ClInclude Include="..\..\..\3rd party software\bullet\src\BulletCollision\BroadphaseCollision\btSimpleBroadphase.h">
      <Filter>Bullet\BulletCollision\BroadphaseCollision</Filter>
    </ClInclude>
    <ClInclude Include="..\..\..\3rd party software\bullet\src\BulletCollision\CollisionDispatch\btActivatingCollisionAlgorithm.h">
      <Filter>Bullet\BulletCollision\CollisionDispatch</Filter>
    </ClInclude>
    <ClInclude Include="..\..\..\3rd party software\bullet\src\BulletCollision\CollisionDispatch\btBox2dBox2dCollisionAlgorithm.h">
      <Filter>Bullet\BulletCollision\CollisionDispatch</Filter>
    </ClInclude>
    <ClInclude Include="..\..\..\3rd party software\bullet\src\BulletCollision\CollisionDispatch\btBoxBoxCollisionAlgorithm.h">
      <Filter>Bullet\BulletCollision\CollisionDispatch</Filter>
    </ClInclude>
    <ClInclude Include="..\..\..\3rd party software\bullet\src\BulletCollision\CollisionDispatch\btBoxBoxDetector.h">
      <Filter>Bullet\BulletCollision\CollisionDispatch</Filter>
    </ClInclude>
    <ClInclude Include="..\..\..\3rd party software\bullet\src\BulletCollision\CollisionDispatch\btCollisionConfiguration.h">
      <Filter>Bullet\BulletCollision\CollisionDispatch</Filter>
    </ClInclude>
    <ClInclude Include="..\..\..\3rd party software\bullet\src\BulletCollision\CollisionDispatch\btCollisionCreateFunc.h">
      <Filter>Bullet\BulletCollision\CollisionDispatch</Filter>
    </ClInclude>
    <ClInclude Include="..\..\..\3rd party software\bullet\src\BulletCollision\CollisionDispatch\btCollisionDispatcher.h">
      <Filter>Bullet\BulletCollision\CollisionDispatch</Filter>
    </ClInclude>
    <ClInclude Include="..\..\..\3rd party software\bullet\src\BulletCollision\CollisionDispatch\btCollisionObject.h">
      <Filter>Bullet\BulletCollision\CollisionDispatch</Filter>
    </ClInclude>
    <ClInclude Include="..\..\..\3rd party software\bullet\src\BulletCollision\CollisionDispatch\btCollisionObjectWrapper.h">
      <Filter>Bullet\BulletCollision\CollisionDispatch</Filter>
    </ClInclude>
    <ClInclude Include="..\..\..\3rd party software\bullet\src\BulletCollision\CollisionDispatch\btCollisionWorld.h">
      <Filter>Bullet\BulletCollision\CollisionDispatch</Filter>
    </ClInclude>
    <ClInclude Include="..\..\..\3rd party software\bullet\src\BulletCollision\CollisionDispatch\btCompoundCollisionAlgorithm.h">
      <Filter>Bullet\BulletCollision\CollisionDispatch</Filter>
    </ClInclude>
    <ClInclude Include="..\..\..\3rd party software\bullet\src\BulletCollision\CollisionDispatch\btCompoundCompoundCollisionAlgorithm.h">
      <Filter>Bullet\BulletCollision\CollisionDispatch</Filter>
    </ClInclude>
    <ClInclude Include="..\..\..\3rd party software\bullet\src\BulletCollision\CollisionDispatch\btConvex2dConvex2dAlgorithm.h">
      <Filter>Bullet\BulletCollision\CollisionDispatch</Filter>
    </ClInclude>
    <ClInclude Include="..\..\..\3rd party software\bullet\src\BulletCollision\CollisionDispatch\btConvexConcaveCollisionAlgorithm.h">
      <Filter>Bullet\BulletCollision\CollisionDispatch</Filter>
    </ClInclude>
    <ClInclude Include="..\..\..\3rd party software\bullet\src\BulletCollision\CollisionDispatch\btConvexConvexAlgorithm.h">
      <Filter>Bullet\BulletCollision\CollisionDispatch</Filter>
    </ClInclude>
    <ClInclude Include="..\..\..\3rd party software\bullet\src\BulletCollision\CollisionDispatch\btConvexPlaneCollisionAlgorithm.h">
      <Filter>Bullet\BulletCollision\CollisionDispatch</Filter>
    </ClInclude>
    <ClInclude Include="..\..\..\3rd party software\bullet\src\BulletCollision\CollisionDispatch\btDefaultCollisionConfiguration.h">
      <Filter>Bullet\BulletCollision\CollisionDispatch</Filter>
    </ClInclude>
    <ClInclude Include="..\..\..\3rd party software\bullet\src\BulletCollision\CollisionDispatch\btEmptyCollisionAlgorithm.h">
      <Filter>Bullet\BulletCollision\CollisionDispatch</Filter>
    </ClInclude>
    <ClInclude Include="..\..\..\3rd party software\bullet\src\BulletCollision\CollisionDispatch\btGhostObject.h">
      <Filter>Bullet\BulletCollision\CollisionDispatch</Filter>
    </ClInclude>
    <ClInclude Include="..\..\..\3rd party software\bullet\src\BulletCollision\CollisionDispatch\btHashedSimplePairCache.h">
      <Filter>Bullet\BulletCollision\CollisionDispatch</Filter>
    </ClInclude>
    <ClInclude Include="..\..\..\3rd party software\bullet\src\BulletCollision\CollisionDispatch\btInternalEdgeUtility.h">
      <Filter>Bullet\BulletCollision\CollisionDispatch</Filter>
    </ClInclude>
    <ClInclude Include="..\..\..\3rd party software\bullet\src\BulletCollision\CollisionDispatch\btManifoldResult.h">
      <Filter>Bullet\BulletCollision\CollisionDispatch</Filter>
    </ClInclude>
    <ClInclude Include="..\..\..\3rd party software\bullet\src\BulletCollision\CollisionDispatch\btSimulationIslandManager.h">
      <Filter>Bullet\BulletCollision\CollisionDispatch</Filter>
    </ClInclude>
    <ClInclude Include="..\..\..\3rd party software\bullet\src\BulletCollision\CollisionDispatch\btSphereBoxCollisionAlgorithm.h">
      <Filter>Bullet\BulletCollision\CollisionDispatch</Filter>
    </ClInclude>
    <ClInclude Include="..\..\..\3rd party software\bullet\src\BulletCollision\CollisionDispatch\btSphereSphereCollisionAlgorithm.h">
      <Filter>Bullet\BulletCollision\CollisionDispatch</Filter>
    </ClInclude>
    <ClInclude Include="..\..\..\3rd party software\bullet\src\BulletCollision\CollisionDispatch\btSphereTriangleCollisionAlgorithm.h">
      <Filter>Bullet\BulletCollision\CollisionDispatch</Filter>
    </ClInclude>
    <ClInclude Include="..\..\..\3rd party software\bullet\src\BulletCollision\CollisionDispatch\btUnionFind.h">
      <Filter>Bullet\BulletCollision\CollisionDispatch</Filter>
    </ClInclude>
    <ClInclude Include="..\..\..\3rd party software\bullet\src\BulletCollision\CollisionDispatch\SphereTriangleDetector.h">
      <Filter>Bullet\BulletCollision\CollisionDispatch</Filter>
    </ClInclude>
    <ClInclude Include="..\..\..\3rd party software\bullet\src\BulletCollision\CollisionShapes\btBox2dShape.h">
      <Filter>Bullet\BulletCollision\CollisionShapes</Filter>
    </ClInclude>
    <ClInclude Include="..\..\..\3rd party software\bullet\src\BulletCollision\CollisionShapes\btBoxShape.h">
      <Filter>Bullet\BulletCollision\CollisionShapes</Filter>
    </ClInclude>
    <ClInclude Include="..\..\..\3rd party software\bullet\src\BulletCollision\CollisionShapes\btBvhTriangleMeshShape.h">
      <Filter>Bullet\BulletCollision\CollisionShapes</Filter>
    </ClInclude>
    <ClInclude Include="..\..\..\3rd party software\bullet\src\BulletCollision\CollisionShapes\btCapsuleShape.h">
      <Filter>Bullet\BulletCollision\CollisionShapes</Filter>
    </ClInclude>
    <ClInclude Include="..\..\..\3rd party software\bullet\src\BulletCollision\CollisionShapes\btCollisionMargin.h">
      <Filter>Bullet\BulletCollision\CollisionShapes</Filter>
    </ClInclude>
    <ClInclude Include="..\..\..\3rd party software\bullet\src\BulletCollision\CollisionShapes\btCollisionShape.h">
      <Filter>Bullet\BulletCollision\CollisionShapes</Filter>
    </ClInclude>
    <ClInclude Include="..\..\..\3rd party software\bullet\src\BulletCollision\CollisionShapes\btCompoundShape.h">
      <Filter>Bullet\BulletCollision\CollisionShapes</Filter>
    </ClInclude>
    <ClInclude Include="..\..\..\3rd party software\bullet\src\BulletCollision\CollisionShapes\btConcaveShape.h">
      <Filter>Bullet\BulletCollision\CollisionShapes</Filter>
    </ClInclude>
    <ClInclude Include="..\..\..\3rd party software\bullet\src\BulletCollision\CollisionShapes\btConeShape.h">
      <Filter>Bullet\BulletCollision\CollisionShapes</Filter>
    </ClInclude>
    <ClInclude Include="..\..\..\3rd party software\bullet\src\BulletCollision\CollisionShapes\btConvex2dShape.h">
      <Filter>Bullet\BulletCollision\CollisionShapes</Filter>
    </ClInclude>
    <ClInclude Include="..\..\..\3rd party software\bullet\src\BulletCollision\CollisionShapes\btConvexHullShape.h">
      <Filter>Bullet\BulletCollision\CollisionShapes</Filter>
    </ClInclude>
    <ClInclude Include="..\..\..\3rd party software\bullet\src\BulletCollision\CollisionShapes\btConvexInternalShape.h">
      <Filter>Bullet\BulletCollision\CollisionShapes</Filter>
    </ClInclude>
    <ClInclude Include="..\..\..\3rd party software\bullet\src\BulletCollision\CollisionShapes\btConvexPointCloudShape.h">
      <Filter>Bullet\BulletCollision\CollisionShapes</Filter>
    </ClInclude>
    <ClInclude Include="..\..\..\3rd party software\bullet\src\BulletCollision\CollisionShapes\btConvexPolyhedron.h">
      <Filter>Bullet\BulletCollision\CollisionShapes</Filter>
    </ClInclude>
    <ClInclude Include="..\..\..\3rd party software\bullet\src\BulletCollision\CollisionShapes\btConvexShape.h">
      <Filter>Bullet\BulletCollision\CollisionShapes</Filter>
    </ClInclude>
    <ClInclude Include="..\..\..\3rd party software\bullet\src\BulletCollision\CollisionShapes\btConvexTriangleMeshShape.h">
      <Filter>Bullet\BulletCollision\CollisionShapes</Filter>
    </ClInclude>
    <ClInclude Include="..\..\..\3rd party software\bullet\src\BulletCollision\CollisionShapes\btCylinderShape.h">
      <Filter>Bullet\BulletCollision\CollisionShapes</Filter>
    </ClInclude>
    <ClInclude Include="..\..\..\3rd party software\bullet\src\BulletCollision\CollisionShapes\btEmptyShape.h">
      <Filter>Bullet\BulletCollision\CollisionShapes</Filter>
    </ClInclude>
    <ClInclude Include="..\..\..\3rd party software\bullet\src\BulletCollision\CollisionShapes\btHeightfieldTerrainShape.h">
      <Filter>Bullet\BulletCollision\CollisionShapes</Filter>
    </ClInclude>
    <ClInclude Include="..\..\..\3rd party software\bullet\src\BulletCollision\CollisionShapes\btMaterial.h">
      <Filter>Bullet\BulletCollision\CollisionShapes</Filter>
    </ClInclude>
    <ClInclude Include="..\..\..\3rd party software\bullet\src\BulletCollision\CollisionShapes\btMinkowskiSumShape.h">
      <Filter>Bullet\BulletCollision\CollisionShapes</Filter>
    </ClInclude>
    <ClInclude Include="..\..\..\3rd party software\bullet\src\BulletCollision\CollisionShapes\btMultimaterialTriangleMeshShape.h">
      <Filter>Bullet\BulletCollision\CollisionShapes</Filter>
    </ClInclude>
    <ClInclude Include="..\..\..\3rd party software\bullet\src\BulletCollision\CollisionShapes\btMultiSphereShape.h">
      <Filter>Bullet\BulletCollision\CollisionShapes</Filter>
    </ClInclude>
    <ClInclude Include="..\..\..\3rd party software\bullet\src\BulletCollision\CollisionShapes\btOptimizedBvh.h">
      <Filter>Bullet\BulletCollision\CollisionShapes</Filter>
    </ClInclude>
    <ClInclude Include="..\..\..\3rd party software\bullet\src\BulletCollision\CollisionShapes\btPolyhedralConvexShape.h">
      <Filter>Bullet\BulletCollision\CollisionShapes</Filter>
    </ClInclude>
    <ClInclude Include="..\..\..\3rd party software\bullet\src\BulletCollision\CollisionShapes\btScaledBvhTriangleMeshShape.h">
      <Filter>Bullet\BulletCollision\CollisionShapes</Filter>
    </ClInclude>
    <ClInclude Include="..\..\..\3rd party software\bullet\src\BulletCollision\CollisionShapes\btShapeHull.h">
      <Filter>Bullet\BulletCollision\CollisionShapes</Filter>
    </ClInclude>
    <ClInclude Include="..\..\..\3rd party software\bullet\src\BulletCollision\CollisionShapes\btSphereShape.h">
      <Filter>Bullet\BulletCollision\CollisionShapes</Filter>
    </ClInclude>
    <ClInclude Include="..\..\..\3rd party software\bullet\src\BulletCollision\CollisionShapes\btStaticPlaneShape.h">
      <Filter>Bullet\BulletCollision\CollisionShapes</Filter>
    </ClInclude>
    <ClInclude Include="..\..\..\3rd party software\bullet\src\BulletCollision\CollisionShapes\btStridingMeshInterface.h">
      <Filter>Bullet\BulletCollision\CollisionShapes</Filter>
    </ClInclude>
    <ClInclude Include="..\..\..\3rd party software\bullet\src\BulletCollision\CollisionShapes\btTetrahedronShape.h">
      <Filter>Bullet\BulletCollision\CollisionShapes</Filter>
    </ClInclude>
    <ClInclude Include="..\..\..\3rd party software\bullet\src\BulletCollision\CollisionShapes\btTriangleBuffer.h">
      <Filter>Bullet\BulletCollision\CollisionShapes</Filter>
    </ClInclude>
    <ClInclude Include="..\..\..\3rd party software\bullet\src\BulletCollision\CollisionShapes\btTriangleCallback.h">
      <Filter>Bullet\BulletCollision\CollisionShapes</Filter>
    </ClInclude>
    <ClInclude Include="..\..\..\3rd party software\bullet\src\BulletCollision\CollisionShapes\btTriangleIndexVertexArray.h">
      <Filter>Bullet\BulletCollision\CollisionShapes</Filter>
    </ClInclude>
    <ClInclude Include="..\..\..\3rd party software\bullet\src\BulletCollision\CollisionShapes\btTriangleIndexVertexMaterialArray.h">
      <Filter>Bullet\BulletCollision\CollisionShapes</Filter>
    </ClInclude>
    <ClInclude Include="..\..\..\3rd party software\bullet\src\BulletCollision\CollisionShapes\btTriangleInfoMap.h">
      <Filter>Bullet\BulletCollision\CollisionShapes</Filter>
    </ClInclude>
    <ClInclude Include="..\..\..\3rd party software\bullet\src\BulletCollision\CollisionShapes\btTriangleMesh.h">
      <Filter>Bullet\BulletCollision\CollisionShapes</Filter>
    </ClInclude>
    <ClInclude Include="..\..\..\3rd party software\bullet\src\BulletCollision\CollisionShapes\btTriangleMeshShape.h">
      <Filter>Bullet\BulletCollision\CollisionShapes</Filter>
    </ClInclude>
    <ClInclude Include="..\..\..\3rd party software\bullet\src\BulletCollision\CollisionShapes\btTriangleShape.h">
      <Filter>Bullet\BulletCollision\CollisionShapes</Filter>
    </ClInclude>
    <ClInclude Include="..\..\..\3rd party software\bullet\src\BulletCollision\CollisionShapes\btUniformScalingShape.h">
      <Filter>Bullet\BulletCollision\CollisionShapes</Filter>
    </ClInclude>
    <ClInclude Include="..\..\..\3rd party software\bullet\src\BulletCollision\Gimpact\btBoxCollision.h">
      <Filter>Bullet\BulletCollision\Gimpact</Filter>
    </ClInclude>
    <ClInclude Include="..\..\..\3rd party software\bullet\src\BulletCollision\Gimpact\btClipPolygon.h">
      <Filter>Bullet\BulletCollision\Gimpact</Filter>
    </ClInclude>
    <ClInclude Include="..\..\..\3rd party software\bullet\src\BulletCollision\Gimpact\btCompoundFromGimpact.h">
      <Filter>Bullet\BulletCollision\Gimpact</Filter>
    </ClInclude>
    <ClInclude Include="..\..\..\3rd party software\bullet\src\BulletCollision\Gimpact\btContactProcessing.h">
      <Filter>Bullet\BulletCollision\Gimpact</Filter>
    </ClInclude>
    <ClInclude Include="..\..\..\3rd party software\bullet\src\BulletCollision\Gimpact\btGenericPoolAllocator.h">
      <Filter>Bullet\BulletCollision\Gimpact</Filter>
    </ClInclude>
    <ClInclude Include="..\..\..\3rd party software\bullet\src\BulletCollision\Gimpact\btGeometryOperations.h">
      <Filter>Bullet\BulletCollision\Gimpact</Filter>
    </ClInclude>
    <ClInclude Include="..\..\..\3rd party software\bullet\src\BulletCollision\Gimpact\btGImpactBvh.h">
      <Filter>Bullet\BulletCollision\Gimpact</Filter>
    </ClInclude>
    <ClInclude Include="..\..\..\3rd party software\bullet\src\BulletCollision\Gimpact\btGImpactCollisionAlgorithm.h">
      <Filter>Bullet\BulletCollision\Gimpact</Filter>
    </ClInclude>
    <ClInclude Include="..\..\..\3rd party software\bullet\src\BulletCollision\Gimpact\btGImpactMassUtil.h">
      <Filter>Bullet\BulletCollision\Gimpact</Filter>
    </ClInclude>
    <ClInclude Include="..\..\..\3rd party software\bullet\src\BulletCollision\Gimpact\btGImpactQuantizedBvh.h">
      <Filter>Bullet\BulletCollision\Gimpact</Filter>
    </ClInclude>
    <ClInclude Include="..\..\..\3rd party software\bullet\src\BulletCollision\Gimpact\btGImpactShape.h">
      <Filter>Bullet\BulletCollision\Gimpact</Filter>
    </ClInclude>
    <ClInclude Include="..\..\..\3rd party software\bullet\src\BulletCollision\Gimpact\btQuantization.h">
      <Filter>Bullet\BulletCollision\Gimpact</Filter>
    </ClInclude>
    <ClInclude Include="..\..\..\3rd party software\bullet\src\BulletCollision\Gimpact\btTriangleShapeEx.h">
      <Filter>Bullet\BulletCollision\Gimpact</Filter>
    </ClInclude>
    <ClInclude Include="..\..\..\3rd party software\bullet\src\BulletCollision\Gimpact\gim_array.h">
      <Filter>Bullet\BulletCollision\Gimpact</Filter>
    </ClInclude>
    <ClInclude Include="..\..\..\3rd party software\bullet\src\BulletCollision\Gimpact\gim_basic_geometry_operations.h">
      <Filter>Bullet\BulletCollision\Gimpact</Filter>
    </ClInclude>
    <ClInclude Include="..\..\..\3rd party software\bullet\src\BulletCollision\Gimpact\gim_bitset.h">
      <Filter>Bullet\BulletCollision\Gimpact</Filter>
    </ClInclude>
    <ClInclude Include="..\..\..\3rd party software\bullet\src\BulletCollision\Gimpact\gim_box_collision.h">
      <Filter>Bullet\BulletCollision\Gimpact</Filter>
    </ClInclude>
    <ClInclude Include="..\..\..\3rd party software\bullet\src\BulletCollision\Gimpact\gim_box_set.h">
      <Filter>Bullet\BulletCollision\Gimpact</Filter>
    </ClInclude>
    <ClInclude Include="..\..\..\3rd party software\bullet\src\BulletCollision\Gimpact\gim_clip_polygon.h">
      <Filter>Bullet\BulletCollision\Gimpact</Filter>
    </ClInclude>
    <ClInclude Include="..\..\..\3rd party software\bullet\src\BulletCollision\Gimpact\gim_contact.h">
      <Filter>Bullet\BulletCollision\Gimpact</Filter>
    </ClInclude>
    <ClInclude Include="..\..\..\3rd party software\bullet\src\BulletCollision\Gimpact\gim_geom_types.h">
      <Filter>Bullet\BulletCollision\Gimpact</Filter>
    </ClInclude>
    <ClInclude Include="..\..\..\3rd party software\bullet\src\BulletCollision\Gimpact\gim_geometry.h">
      <Filter>Bullet\BulletCollision\Gimpact</Filter>
    </ClInclude>
    <ClInclude Include="..\..\..\3rd party software\bullet\src\BulletCollision\Gimpact\gim_hash_table.h">
      <Filter>Bullet\BulletCollision\Gimpact</Filter>
    </ClInclude>
    <ClInclude Include="..\..\..\3rd party software\bullet\src\BulletCollision\Gimpact\gim_linear_math.h">
      <Filter>Bullet\BulletCollision\Gimpact</Filter>
    </ClInclude>
    <ClInclude Include="..\..\..\3rd party software\bullet\src\BulletCollision\Gimpact\gim_math.h">
      <Filter>Bullet\BulletCollision\Gimpact</Filter>
    </ClInclude>
    <ClInclude Include="..\..\..\3rd party software\bullet\src\BulletCollision\Gimpact\gim_memory.h">
      <Filter>Bullet\BulletCollision\Gimpact</Filter>
    </ClInclude>
    <ClInclude Include="..\..\..\3rd party software\bullet\src\BulletCollision\Gimpact\gim_radixsort.h">
      <Filter>Bullet\BulletCollision\Gimpact</Filter>
    </ClInclude>
    <ClInclude Include="..\..\..\3rd party software\bullet\src\BulletCollision\Gimpact\gim_tri_collision.h">
      <Filter>Bullet\BulletCollision\Gimpact</Filter>
    </ClInclude>
    <ClInclude Include="..\..\..\3rd party software\bullet\src\BulletCollision\NarrowPhaseCollision\btContinuousConvexCollision.h">
      <Filter>Bullet\BulletCollision\NarrowPhaseCollision</Filter>
    </ClInclude>
    <ClInclude Include="..\..\..\3rd party software\bullet\src\BulletCollision\NarrowPhaseCollision\btConvexCast.h">
      <Filter>Bullet\BulletCollision\NarrowPhaseCollision</Filter>
    </ClInclude>
    <ClInclude Include="..\..\..\3rd party software\bullet\src\BulletCollision\NarrowPhaseCollision\btConvexPenetrationDepthSolver.h">
      <Filter>Bullet\BulletCollision\NarrowPhaseCollision</Filter>
    </ClInclude>
    <ClInclude Include="..\..\..\3rd party software\bullet\src\BulletCollision\NarrowPhaseCollision\btDiscreteCollisionDetectorInterface.h">
      <Filter>Bullet\BulletCollision\NarrowPhaseCollision</Filter>
    </ClInclude>
    <ClInclude Include="..\..\..\3rd party software\bullet\src\BulletCollision\NarrowPhaseCollision\btGjkConvexCast.h">
      <Filter>Bullet\BulletCollision\NarrowPhaseCollision</Filter>
    </ClInclude>
    <ClInclude Include="..\..\..\3rd party software\bullet\src\BulletCollision\NarrowPhaseCollision\btGjkEpa2.h">
      <Filter>Bullet\BulletCollision\NarrowPhaseCollision</Filter>
    </ClInclude>
    <ClInclude Include="..\..\..\3rd party software\bullet\src\BulletCollision\NarrowPhaseCollision\btGjkEpaPenetrationDepthSolver.h">
      <Filter>Bullet\BulletCollision\NarrowPhaseCollision</Filter>
    </ClInclude>
    <ClInclude Include="..\..\..\3rd party software\bullet\src\BulletCollision\NarrowPhaseCollision\btGjkPairDetector.h">
      <Filter>Bullet\BulletCollision\NarrowPhaseCollision</Filter>
    </ClInclude>
    <ClInclude Include="..\..\..\3rd party software\bullet\src\BulletCollision\NarrowPhaseCollision\btManifoldPoint.h">
      <Filter>Bullet\BulletCollision\NarrowPhaseCollision</Filter>
    </ClInclude>
    <ClInclude Include="..\..\..\3rd party software\bullet\src\BulletCollision\NarrowPhaseCollision\btMinkowskiPenetrationDepthSolver.h">
      <Filter>Bullet\BulletCollision\NarrowPhaseCollision</Filter>
    </ClInclude>
    <ClInclude Include="..\..\..\3rd party software\bullet\src\BulletCollision\NarrowPhaseCollision\btPersistentManifold.h">
      <Filter>Bullet\BulletCollision\NarrowPhaseCollision</Filter>
    </ClInclude>
    <ClInclude Include="..\..\..\3rd party software\bullet\src\BulletCollision\NarrowPhaseCollision\btPointCollector.h">
      <Filter>Bullet\BulletCollision\NarrowPhaseCollision</Filter>
    </ClInclude>
    <ClInclude Include="..\..\..\3rd party software\bullet\src\BulletCollision\NarrowPhaseCollision\btPolyhedralContactClipping.h">
      <Filter>Bullet\BulletCollision\NarrowPhaseCollision</Filter>
    </ClInclude>
    <ClInclude Include="..\..\..\3rd party software\bullet\src\BulletCollision\NarrowPhaseCollision\btRaycastCallback.h">
      <Filter>Bullet\BulletCollision\NarrowPhaseCollision</Filter>
    </ClInclude>
    <ClInclude Include="..\..\..\3rd party software\bullet\src\BulletCollision\NarrowPhaseCollision\btSimplexSolverInterface.h">
      <Filter>Bullet\BulletCollision\NarrowPhaseCollision</Filter>
    </ClInclude>
    <ClInclude Include="..\..\..\3rd party software\bullet\src\BulletCollision\NarrowPhaseCollision\btSubSimplexConvexCast.h">
      <Filter>Bullet\BulletCollision\NarrowPhaseCollision</Filter>
    </ClInclude>
    <ClInclude Include="..\..\..\3rd party software\bullet\src\BulletCollision\NarrowPhaseCollision\btVoronoiSimplexSolver.h">
      <Filter>Bullet\BulletCollision\NarrowPhaseCollision</Filter>
    </ClInclude>
    <ClInclude Include="..\..\..\3rd party software\bullet\src\LinearMath\btAabbUtil2.h">
      <Filter>Bullet\LinearMath</Filter>
    </ClInclude>
    <ClInclude Include="..\..\..\3rd party software\bullet\src\LinearMath\btAlignedAllocator.h">
      <Filter>Bullet\LinearMath</Filter>
    </ClInclude>
    <ClInclude Include="..\..\..\3rd party software\bullet\src\LinearMath\btAlignedObjectArray.h">
      <Filter>Bullet\LinearMath</Filter>
    </ClInclude>
    <ClInclude Include="..\..\..\3rd party software\bullet\src\LinearMath\btConvexHull.h">
      <Filter>Bullet\LinearMath</Filter>
    </ClInclude>
    <ClInclude Include="..\..\..\3rd party software\bullet\src\LinearMath\btConvexHullComputer.h">
      <Filter>Bullet\LinearMath</Filter>
    </ClInclude>
    <ClInclude Include="..\..\..\3rd party software\bullet\src\LinearMath\btDefaultMotionState.h">
      <Filter>Bullet\LinearMath</Filter>
    </ClInclude>
    <ClInclude Include="..\..\..\3rd party software\bullet\src\LinearMath\btGeometryUtil.h">
      <Filter>Bullet\LinearMath</Filter>
    </ClInclude>
    <ClInclude Include="..\..\..\3rd party software\bullet\src\LinearMath\btGrahamScan2dConvexHull.h">
      <Filter>Bullet\LinearMath</Filter>
    </ClInclude>
    <ClInclude Include="..\..\..\3rd party software\bullet\src\LinearMath\btHashMap.h">
      <Filter>Bullet\LinearMath</Filter>
    </ClInclude>
    <ClInclude Include="..\..\..\3rd party software\bullet\src\LinearMath\btIDebugDraw.h">
      <Filter>Bullet\LinearMath</Filter>
    </ClInclude>
    <ClInclude Include="..\..\..\3rd party software\bullet\src\LinearMath\btList.h">
      <Filter>Bullet\LinearMath</Filter>
    </ClInclude>
    <ClInclude Include="..\..\..\3rd party software\bullet\src\LinearMath\btMatrix3x3.h">
      <Filter>Bullet\LinearMath</Filter>
    </ClInclude>
    <ClInclude Include="..\..\..\3rd party software\bullet\src\LinearMath\btMatrixX.h">
      <Filter>Bullet\LinearMath</Filter>
    </ClInclude>
    <ClInclude Include="..\..\..\3rd party software\bullet\src\LinearMath\btMinMax.h">
      <Filter>Bullet\LinearMath</Filter>
    </ClInclude>
    <ClInclude Include="..\..\..\3rd party software\bullet\src\LinearMath\btMotionState.h">
      <Filter>Bullet\LinearMath</Filter>
    </ClInclude>
    <ClInclude Include="..\..\..\3rd party software\bullet\src\LinearMath\btPolarDecomposition.h">
      <Filter>Bullet\LinearMath</Filter>
    </ClInclude>
    <ClInclude Include="..\..\..\3rd party software\bullet\src\LinearMath\btPoolAllocator.h">
      <Filter>Bullet\LinearMath</Filter>
    </ClInclude>
    <ClInclude Include="..\..\..\3rd party software\bullet\src\LinearMath\btQuadWord.h">
      <Filter>Bullet\LinearMath</Filter>
    </ClInclude>
    <ClInclude Include="..\..\..\3rd party software\bullet\src\LinearMath\btQuaternion.h">
      <Filter>Bullet\LinearMath</Filter>
    </ClInclude>
    <ClInclude Include="..\..\..\3rd party software\bullet\src\LinearMath\btQuickprof.h">
      <Filter>Bullet\LinearMath</Filter>
    </ClInclude>
    <ClInclude Include="..\..\..\3rd party software\bullet\src\LinearMath\btRandom.h">
      <Filter>Bullet\LinearMath</Filter>
    </ClInclude>
    <ClInclude Include="..\..\..\3rd party software\bullet\src\LinearMath\btScalar.h">
      <Filter>Bullet\LinearMath</Filter>
    </ClInclude>
    <ClInclude Include="..\..\..\3rd party software\bullet\src\LinearMath\btSerializer.h">
      <Filter>Bullet\LinearMath</Filter>
    </ClInclude>
    <ClInclude Include="..\..\..\3rd party software\bullet\src\LinearMath\btStackAlloc.h">
      <Filter>Bullet\LinearMath</Filter>
    </ClInclude>
    <ClInclude Include="..\..\..\3rd party software\bullet\src\LinearMath\btTransform.h">
      <Filter>Bullet\LinearMath</Filter>
    </ClInclude>
    <ClInclude Include="..\..\..\3rd party software\bullet\src\LinearMath\btTransformUtil.h">
      <Filter>Bullet\LinearMath</Filter>
    </ClInclude>
    <ClInclude Include="..\..\..\3rd party software\bullet\src\LinearMath\btVector3.h">
      <Filter>Bullet\LinearMath</Filter>
    </ClInclude>
    <ClInclude Include="..\..\..\3rd party software\bullet\src\BulletDynamics\Character\btCharacterControllerInterface.h">
      <Filter>Bullet\BulletDynamics</Filter>
    </ClInclude>
    <ClInclude Include="..\..\..\3rd party software\bullet\src\BulletDynamics\Character\btKinematicCharacterController.h">
      <Filter>Bullet\BulletDynamics</Filter>
    </ClInclude>
    <ClInclude Include="..\..\..\3rd party software\bullet\src\BulletDynamics\ConstraintSolver\btConeTwistConstraint.h">
      <Filter>Bullet\BulletDynamics</Filter>
    </ClInclude>
    <ClInclude Include="..\..\..\3rd party software\bullet\src\BulletDynamics\ConstraintSolver\btConstraintSolver.h">
      <Filter>Bullet\BulletDynamics</Filter>
    </ClInclude>
    <ClInclude Include="..\..\..\3rd party software\bullet\src\BulletDynamics\ConstraintSolver\btContactConstraint.h">
      <Filter>Bullet\BulletDynamics</Filter>
    </ClInclude>
    <ClInclude Include="..\..\..\3rd party software\bullet\src\BulletDynamics\ConstraintSolver\btContactSolverInfo.h">
      <Filter>Bullet\BulletDynamics</Filter>
    </ClInclude>
    <ClInclude Include="..\..\..\3rd party software\bullet\src\BulletDynamics\ConstraintSolver\btFixedConstraint.h">
      <Filter>Bullet\BulletDynamics</Filter>
    </ClInclude>
    <ClInclude Include="..\..\..\3rd party software\bullet\src\BulletDynamics\ConstraintSolver\btGearConstraint.h">
      <Filter>Bullet\BulletDynamics</Filter>
    </ClInclude>
    <ClInclude Include="..\..\..\3rd party software\bullet\src\BulletDynamics\ConstraintSolver\btGeneric6DofConstraint.h">
      <Filter>Bullet\BulletDynamics</Filter>
    </ClInclude>
    <ClInclude Include="..\..\..\3rd party software\bullet\src\BulletDynamics\ConstraintSolver\btGeneric6DofSpringConstraint.h">
      <Filter>Bullet\BulletDynamics</Filter>
    </ClInclude>
    <ClInclude Include="..\..\..\3rd party software\bullet\src\BulletDynamics\ConstraintSolver\btHinge2Constraint.h">
      <Filter>Bullet\BulletDynamics</Filter>
    </ClInclude>
    <ClInclude Include="..\..\..\3rd party software\bullet\src\BulletDynamics\ConstraintSolver\btHingeConstraint.h">
      <Filter>Bullet\BulletDynamics</Filter>
    </ClInclude>
    <ClInclude Include="..\..\..\3rd party software\bullet\src\BulletDynamics\ConstraintSolver\btJacobianEntry.h">
      <Filter>Bullet\BulletDynamics</Filter>
    </ClInclude>
    <ClInclude Include="..\..\..\3rd party software\bullet\src\BulletDynamics\ConstraintSolver\btPoint2PointConstraint.h">
      <Filter>Bullet\BulletDynamics</Filter>
    </ClInclude>
    <ClInclude Include="..\..\..\3rd party software\bullet\src\BulletDynamics\ConstraintSolver\btSequentialImpulseConstraintSolver.h">
      <Filter>Bullet\BulletDynamics</Filter>
    </ClInclude>
    <ClInclude Include="..\..\..\3rd party software\bullet\src\BulletDynamics\ConstraintSolver\btSliderConstraint.h">
      <Filter>Bullet\BulletDynamics</Filter>
    </ClInclude>
    <ClInclude Include="..\..\..\3rd party software\bullet\src\BulletDynamics\ConstraintSolver\btSolve2LinearConstraint.h">
      <Filter>Bullet\BulletDynamics</Filter>
    </ClInclude>
    <ClInclude Include="..\..\..\3rd party software\bullet\src\BulletDynamics\ConstraintSolver\btSolverBody.h">
      <Filter>Bullet\BulletDynamics</Filter>
    </ClInclude>
    <ClInclude Include="..\..\..\3rd party software\bullet\src\BulletDynamics\ConstraintSolver\btSolverConstraint.h">
      <Filter>Bullet\BulletDynamics</Filter>
    </ClInclude>
    <ClInclude Include="..\..\..\3rd party software\bullet\src\BulletDynamics\ConstraintSolver\btTypedConstraint.h">
      <Filter>Bullet\BulletDynamics</Filter>
    </ClInclude>
    <ClInclude Include="..\..\..\3rd party software\bullet\src\BulletDynamics\ConstraintSolver\btUniversalConstraint.h">
      <Filter>Bullet\BulletDynamics</Filter>
    </ClInclude>
    <ClInclude Include="..\..\..\3rd party software\bullet\src\BulletDynamics\Dynamics\btActionInterface.h">
      <Filter>Bullet\BulletDynamics</Filter>
    </ClInclude>
    <ClInclude Include="..\..\..\3rd party software\bullet\src\BulletDynamics\Dynamics\btDiscreteDynamicsWorld.h">
      <Filter>Bullet\BulletDynamics</Filter>
    </ClInclude>
    <ClInclude Include="..\..\..\3rd party software\bullet\src\BulletDynamics\Dynamics\btDynamicsWorld.h">
      <Filter>Bullet\BulletDynamics</Filter>
    </ClInclude>
    <ClInclude Include="..\..\..\3rd party software\bullet\src\BulletDynamics\Dynamics\btRigidBody.h">
      <Filter>Bullet\BulletDynamics</Filter>
    </ClInclude>
    <ClInclude Include="..\..\..\3rd party software\bullet\src\BulletDynamics\Dynamics\btSimpleDynamicsWorld.h">
      <Filter>Bullet\BulletDynamics</Filter>
    </ClInclude>
    <ClInclude Include="..\..\..\3rd party software\bullet\src\BulletDynamics\Featherstone\btMultiBody.h">
      <Filter>Bullet\BulletDynamics</Filter>
    </ClInclude>
    <ClInclude Include="..\..\..\3rd party software\bullet\src\BulletDynamics\Featherstone\btMultiBodyConstraint.h">
      <Filter>Bullet\BulletDynamics</Filter>
    </ClInclude>
    <ClInclude Include="..\..\..\3rd party software\bullet\src\BulletDynamics\Featherstone\btMultiBodyConstraintSolver.h">
      <Filter>Bullet\BulletDynamics</Filter>
    </ClInclude>
    <ClInclude Include="..\..\..\3rd party software\bullet\src\BulletDynamics\Featherstone\btMultiBodyDynamicsWorld.h">
      <Filter>Bullet\BulletDynamics</Filter>
    </ClInclude>
    <ClInclude Include="..\..\..\3rd party software\bullet\src\BulletDynamics\Featherstone\btMultiBodyJointLimitConstraint.h">
      <Filter>Bullet\BulletDynamics</Filter>
    </ClInclude>
    <ClInclude Include="..\..\..\3rd party software\bullet\src\BulletDynamics\Featherstone\btMultiBodyJointMotor.h">
      <Filter>Bullet\BulletDynamics</Filter>
    </ClInclude>
    <ClInclude Include="..\..\..\3rd party software\bullet\src\BulletDynamics\Featherstone\btMultiBodyLink.h">
      <Filter>Bullet\BulletDynamics</Filter>
    </ClInclude>
    <ClInclude Include="..\..\..\3rd party software\bullet\src\BulletDynamics\Featherstone\btMultiBodyLinkCollider.h">
      <Filter>Bullet\BulletDynamics</Filter>
    </ClInclude>
    <ClInclude Include="..\..\..\3rd party software\bullet\src\BulletDynamics\Featherstone\btMultiBodyPoint2Point.h">
      <Filter>Bullet\BulletDynamics</Filter>
    </ClInclude>
    <ClInclude Include="..\..\..\3rd party software\bullet\src\BulletDynamics\Featherstone\btMultiBodySolverConstraint.h">
      <Filter>Bullet\BulletDynamics</Filter>
    </ClInclude>
    <ClInclude Include="..\..\..\3rd party software\bullet\src\BulletDynamics\MLCPSolvers\btDantzigLCP.h">
      <Filter>Bullet\BulletDynamics</Filter>
    </ClInclude>
    <ClInclude Include="..\..\..\3rd party software\bullet\src\BulletDynamics\MLCPSolvers\btDantzigSolver.h">
      <Filter>Bullet\BulletDynamics</Filter>
    </ClInclude>
    <ClInclude Include="..\..\..\3rd party software\bullet\src\BulletDynamics\MLCPSolvers\btMLCPSolver.h">
      <Filter>Bullet\BulletDynamics</Filter>
    </ClInclude>
    <ClInclude Include="..\..\..\3rd party software\bullet\src\BulletDynamics\MLCPSolvers\btMLCPSolverInterface.h">
      <Filter>Bullet\BulletDynamics</Filter>
    </ClInclude>
    <ClInclude Include="..\..\..\3rd party software\bullet\src\BulletDynamics\MLCPSolvers\btPATHSolver.h">
      <Filter>Bullet\BulletDynamics</Filter>
    </ClInclude>
    <ClInclude Include="..\..\..\3rd party software\bullet\src\BulletDynamics\MLCPSolvers\btSolveProjectedGaussSeidel.h">
      <Filter>Bullet\BulletDynamics</Filter>
    </ClInclude>
    <ClInclude Include="..\..\..\3rd party software\bullet\src\BulletDynamics\Vehicle\btRaycastVehicle.h">
      <Filter>Bullet\BulletDynamics</Filter>
    </ClInclude>
    <ClInclude Include="..\..\..\3rd party software\bullet\src\BulletDynamics\Vehicle\btVehicleRaycaster.h">
      <Filter>Bullet\BulletDynamics</Filter>
    </ClInclude>
    <ClInclude Include="..\..\..\3rd party software\bullet\src\BulletDynamics\Vehicle\btWheelInfo.h">
      <Filter>Bullet\BulletDynamics</Filter>
    </ClInclude>
  </ItemGroup>
</Project>